// !$*UTF8*$!
{
	archiveVersion = 1;
	classes = {
	};
	objectVersion = 46;
	objects = {

/* Begin PBXBuildFile section */
		B449F2791F14B88700A234CC /* AppDelegate.swift in Sources */ = {isa = PBXBuildFile; fileRef = B449F2781F14B88700A234CC /* AppDelegate.swift */; };
		B449F27B1F14B88700A234CC /* ViewController.swift in Sources */ = {isa = PBXBuildFile; fileRef = B449F27A1F14B88700A234CC /* ViewController.swift */; };
		B449F27E1F14B88700A234CC /* Main.storyboard in Resources */ = {isa = PBXBuildFile; fileRef = B449F27C1F14B88700A234CC /* Main.storyboard */; };
		B449F2801F14B88700A234CC /* Assets.xcassets in Resources */ = {isa = PBXBuildFile; fileRef = B449F27F1F14B88700A234CC /* Assets.xcassets */; };
		B449F2831F14B88700A234CC /* LaunchScreen.storyboard in Resources */ = {isa = PBXBuildFile; fileRef = B449F2811F14B88700A234CC /* LaunchScreen.storyboard */; };
/* End PBXBuildFile section */

/* Begin PBXFileReference section */
		B449F2751F14B88700A234CC /* ItemsBetweenCollectionView.app */ = {isa = PBXFileReference; explicitFileType = wrapper.application; includeInIndex = 0; path = ItemsBetweenCollectionView.app; sourceTree = BUILT_PRODUCTS_DIR; };
		B449F2781F14B88700A234CC /* AppDelegate.swift */ = {isa = PBXFileReference; lastKnownFileType = sourcecode.swift; path = AppDelegate.swift; sourceTree = "<group>"; };
		B449F27A1F14B88700A234CC /* ViewController.swift */ = {isa = PBXFileReference; lastKnownFileType = sourcecode.swift; path = ViewController.swift; sourceTree = "<group>"; };
		B449F27D1F14B88700A234CC /* Base */ = {isa = PBXFileReference; lastKnownFileType = file.storyboard; name = Base; path = Base.lproj/Main.storyboard; sourceTree = "<group>"; };
		B449F27F1F14B88700A234CC /* Assets.xcassets */ = {isa = PBXFileReference; lastKnownFileType = folder.assetcatalog; path = Assets.xcassets; sourceTree = "<group>"; };
		B449F2821F14B88700A234CC /* Base */ = {isa = PBXFileReference; lastKnownFileType = file.storyboard; name = Base; path = Base.lproj/LaunchScreen.storyboard; sourceTree = "<group>"; };
		B449F2841F14B88700A234CC /* Info.plist */ = {isa = PBXFileReference; lastKnownFileType = text.plist.xml; path = Info.plist; sourceTree = "<group>"; };
/* End PBXFileReference section */

/* Begin PBXFrameworksBuildPhase section */
		B449F2721F14B88700A234CC /* Frameworks */ = {
			isa = PBXFrameworksBuildPhase;
			buildActionMask = 2147483647;
			files = (
			);
			runOnlyForDeploymentPostprocessing = 0;
		};
/* End PBXFrameworksBuildPhase section */

/* Begin PBXGroup section */
		B449F26C1F14B88700A234CC = {
			isa = PBXGroup;
			children = (
				B449F2771F14B88700A234CC /* ItemsBetweenCollectionView */,
				B449F2761F14B88700A234CC /* Products */,
			);
			sourceTree = "<group>";
		};
		B449F2761F14B88700A234CC /* Products */ = {
			isa = PBXGroup;
			children = (
				B449F2751F14B88700A234CC /* ItemsBetweenCollectionView.app */,
			);
			name = Products;
			sourceTree = "<group>";
		};
		B449F2771F14B88700A234CC /* ItemsBetweenCollectionView */ = {
			isa = PBXGroup;
			children = (
				B449F2781F14B88700A234CC /* AppDelegate.swift */,
				B449F27A1F14B88700A234CC /* ViewController.swift */,
				B449F27C1F14B88700A234CC /* Main.storyboard */,
				B449F27F1F14B88700A234CC /* Assets.xcassets */,
				B449F2811F14B88700A234CC /* LaunchScreen.storyboard */,
				B449F2841F14B88700A234CC /* Info.plist */,
			);
			path = ItemsBetweenCollectionView;
			sourceTree = "<group>";
		};
/* End PBXGroup section */

/* Begin PBXNativeTarget section */
		B449F2741F14B88700A234CC /* ItemsBetweenCollectionView */ = {
			isa = PBXNativeTarget;
			buildConfigurationList = B449F2871F14B88700A234CC /* Build configuration list for PBXNativeTarget "ItemsBetweenCollectionView" */;
			buildPhases = (
				B449F2711F14B88700A234CC /* Sources */,
				B449F2721F14B88700A234CC /* Frameworks */,
				B449F2731F14B88700A234CC /* Resources */,
			);
			buildRules = (
			);
			dependencies = (
			);
			name = ItemsBetweenCollectionView;
			productName = ItemsBetweenCollectionView;
			productReference = B449F2751F14B88700A234CC /* ItemsBetweenCollectionView.app */;
			productType = "com.apple.product-type.application";
		};
/* End PBXNativeTarget section */

/* Begin PBXProject section */
		B449F26D1F14B88700A234CC /* Project object */ = {
			isa = PBXProject;
			attributes = {
				LastSwiftUpdateCheck = 0830;
				LastUpgradeCheck = 0830;
				ORGANIZATIONNAME = Practice;
				TargetAttributes = {
					B449F2741F14B88700A234CC = {
						CreatedOnToolsVersion = 8.3.2;
						DevelopmentTeam = A588LMT325;
						ProvisioningStyle = Automatic;
					};
				};
			};
			buildConfigurationList = B449F2701F14B88700A234CC /* Build configuration list for PBXProject "ItemsBetweenCollectionView" */;
			compatibilityVersion = "Xcode 3.2";
			developmentRegion = English;
			hasScannedForEncodings = 0;
			knownRegions = (
				en,
				Base,
			);
			mainGroup = B449F26C1F14B88700A234CC;
			productRefGroup = B449F2761F14B88700A234CC /* Products */;
			projectDirPath = "";
			projectRoot = "";
			targets = (
				B449F2741F14B88700A234CC /* ItemsBetweenCollectionView */,
			);
		};
/* End PBXProject section */

/* Begin PBXResourcesBuildPhase section */
		B449F2731F14B88700A234CC /* Resources */ = {
			isa = PBXResourcesBuildPhase;
			buildActionMask = 2147483647;
			files = (
				B449F2831F14B88700A234CC /* LaunchScreen.storyboard in Resources */,
				B449F2801F14B88700A234CC /* Assets.xcassets in Resources */,
				B449F27E1F14B88700A234CC /* Main.storyboard in Resources */,
			);
			runOnlyForDeploymentPostprocessing = 0;
		};
/* End PBXResourcesBuildPhase section */

/* Begin PBXSourcesBuildPhase section */
		B449F2711F14B88700A234CC /* Sources */ = {
			isa = PBXSourcesBuildPhase;
			buildActionMask = 2147483647;
			files = (
				B449F27B1F14B88700A234CC /* ViewController.swift in Sources */,
				B449F2791F14B88700A234CC /* AppDelegate.swift in Sources */,
			);
			runOnlyForDeploymentPostprocessing = 0;
		};
/* End PBXSourcesBuildPhase section */

/* Begin PBXVariantGroup section */
		B449F27C1F14B88700A234CC /* Main.storyboard */ = {
			isa = PBXVariantGroup;
			children = (
				B449F27D1F14B88700A234CC /* Base */,
			);
			name = Main.storyboard;
			sourceTree = "<group>";
		};
		B449F2811F14B88700A234CC /* LaunchScreen.storyboard */ = {
			isa = PBXVariantGroup;
			children = (
				B449F2821F14B88700A234CC /* Base */,
			);
			name = LaunchScreen.storyboard;
			sourceTree = "<group>";
		};
/* End PBXVariantGroup section */

/* Begin XCBuildConfiguration section */
		B449F2851F14B88700A234CC /* Debug */ = {
			isa = XCBuildConfiguration;
			buildSettings = {
				ALWAYS_SEARCH_USER_PATHS = NO;
				CLANG_ANALYZER_NONNULL = YES;
				CLANG_ANALYZER_NUMBER_OBJECT_CONVERSION = YES_AGGRESSIVE;
				CLANG_CXX_LANGUAGE_STANDARD = "gnu++0x";
				CLANG_CXX_LIBRARY = "libc++";
				CLANG_ENABLE_MODULES = YES;
				CLANG_ENABLE_OBJC_ARC = YES;
				CLANG_WARN_BOOL_CONVERSION = YES;
				CLANG_WARN_CONSTANT_CONVERSION = YES;
				CLANG_WARN_DIRECT_OBJC_ISA_USAGE = YES_ERROR;
				CLANG_WARN_DOCUMENTATION_COMMENTS = YES;
				CLANG_WARN_EMPTY_BODY = YES;
				CLANG_WARN_ENUM_CONVERSION = YES;
				CLANG_WARN_INFINITE_RECURSION = YES;
				CLANG_WARN_INT_CONVERSION = YES;
				CLANG_WARN_OBJC_ROOT_CLASS = YES_ERROR;
				CLANG_WARN_SUSPICIOUS_MOVE = YES;
				CLANG_WARN_UNREACHABLE_CODE = YES;
				CLANG_WARN__DUPLICATE_METHOD_MATCH = YES;
				"CODE_SIGN_IDENTITY[sdk=iphoneos*]" = "iPhone Developer";
				COPY_PHASE_STRIP = NO;
				DEBUG_INFORMATION_FORMAT = dwarf;
				ENABLE_STRICT_OBJC_MSGSEND = YES;
				ENABLE_TESTABILITY = YES;
				GCC_C_LANGUAGE_STANDARD = gnu99;
				GCC_DYNAMIC_NO_PIC = NO;
				GCC_NO_COMMON_BLOCKS = YES;
				GCC_OPTIMIZATION_LEVEL = 0;
				GCC_PREPROCESSOR_DEFINITIONS = (
					"DEBUG=1",
					"$(inherited)",
				);
				GCC_WARN_64_TO_32_BIT_CONVERSION = YES;
				GCC_WARN_ABOUT_RETURN_TYPE = YES_ERROR;
				GCC_WARN_UNDECLARED_SELECTOR = YES;
				GCC_WARN_UNINITIALIZED_AUTOS = YES_AGGRESSIVE;
				GCC_WARN_UNUSED_FUNCTION = YES;
				GCC_WARN_UNUSED_VARIABLE = YES;
				IPHONEOS_DEPLOYMENT_TARGET = 10.3;
				MTL_ENABLE_DEBUG_INFO = YES;
				ONLY_ACTIVE_ARCH = YES;
				SDKROOT = iphoneos;
				SWIFT_ACTIVE_COMPILATION_CONDITIONS = DEBUG;
				SWIFT_OPTIMIZATION_LEVEL = "-Onone";
			};
			name = Debug;
		};
		B449F2861F14B88700A234CC /* Release */ = {
			isa = XCBuildConfiguration;
			buildSettings = {
				ALWAYS_SEARCH_USER_PATHS = NO;
				CLANG_ANALYZER_NONNULL = YES;
				CLANG_ANALYZER_NUMBER_OBJECT_CONVERSION = YES_AGGRESSIVE;
				CLANG_CXX_LANGUAGE_STANDARD = "gnu++0x";
				CLANG_CXX_LIBRARY = "libc++";
				CLANG_ENABLE_MODULES = YES;
				CLANG_ENABLE_OBJC_ARC = YES;
				CLANG_WARN_BOOL_CONVERSION = YES;
				CLANG_WARN_CONSTANT_CONVERSION = YES;
				CLANG_WARN_DIRECT_OBJC_ISA_USAGE = YES_ERROR;
				CLANG_WARN_DOCUMENTATION_COMMENTS = YES;
				CLANG_WARN_EMPTY_BODY = YES;
				CLANG_WARN_ENUM_CONVERSION = YES;
				CLANG_WARN_INFINITE_RECURSION = YES;
				CLANG_WARN_INT_CONVERSION = YES;
				CLANG_WARN_OBJC_ROOT_CLASS = YES_ERROR;
				CLANG_WARN_SUSPICIOUS_MOVE = YES;
				CLANG_WARN_UNREACHABLE_CODE = YES;
				CLANG_WARN__DUPLICATE_METHOD_MATCH = YES;
				"CODE_SIGN_IDENTITY[sdk=iphoneos*]" = "iPhone Developer";
				COPY_PHASE_STRIP = NO;
				DEBUG_INFORMATION_FORMAT = "dwarf-with-dsym";
				ENABLE_NS_ASSERTIONS = NO;
				ENABLE_STRICT_OBJC_MSGSEND = YES;
				GCC_C_LANGUAGE_STANDARD = gnu99;
				GCC_NO_COMMON_BLOCKS = YES;
				GCC_WARN_64_TO_32_BIT_CONVERSION = YES;
				GCC_WARN_ABOUT_RETURN_TYPE = YES_ERROR;
				GCC_WARN_UNDECLARED_SELECTOR = YES;
				GCC_WARN_UNINITIALIZED_AUTOS = YES_AGGRESSIVE;
				GCC_WARN_UNUSED_FUNCTION = YES;
				GCC_WARN_UNUSED_VARIABLE = YES;
				IPHONEOS_DEPLOYMENT_TARGET = 10.3;
				MTL_ENABLE_DEBUG_INFO = NO;
				SDKROOT = iphoneos;
				SWIFT_OPTIMIZATION_LEVEL = "-Owholemodule";
				VALIDATE_PRODUCT = YES;
			};
			name = Release;
		};
		B449F2881F14B88700A234CC /* Debug */ = {
			isa = XCBuildConfiguration;
			buildSettings = {
				ASSETCATALOG_COMPILER_APPICON_NAME = AppIcon;
				DEVELOPMENT_TEAM = A588LMT325;
				INFOPLIST_FILE = ItemsBetweenCollectionView/Info.plist;
				LD_RUNPATH_SEARCH_PATHS = "$(inherited) @executable_path/Frameworks";
				PRODUCT_BUNDLE_IDENTIFIER = com.tkangpractice.ItemsBetweenCollectionView;
				PRODUCT_NAME = "$(TARGET_NAME)";
				SWIFT_VERSION = 3.0;
			};
			name = Debug;
		};
		B449F2891F14B88700A234CC /* Release */ = {
			isa = XCBuildConfiguration;
			buildSettings = {
				ASSETCATALOG_COMPILER_APPICON_NAME = AppIcon;
				DEVELOPMENT_TEAM = A588LMT325;
				INFOPLIST_FILE = ItemsBetweenCollectionView/Info.plist;
				LD_RUNPATH_SEARCH_PATHS = "$(inherited) @executable_path/Frameworks";
				PRODUCT_BUNDLE_IDENTIFIER = com.tkangpractice.ItemsBetweenCollectionView;
				PRODUCT_NAME = "$(TARGET_NAME)";
				SWIFT_VERSION = 3.0;
			};
			name = Release;
		};
/* End XCBuildConfiguration section */

/* Begin XCConfigurationList section */
		B449F2701F14B88700A234CC /* Build configuration list for PBXProject "ItemsBetweenCollectionView" */ = {
			isa = XCConfigurationList;
			buildConfigurations = (
				B449F2851F14B88700A234CC /* Debug */,
				B449F2861F14B88700A234CC /* Release */,
			);
			defaultConfigurationIsVisible = 0;
			defaultConfigurationName = Release;
		};
		B449F2871F14B88700A234CC /* Build configuration list for PBXNativeTarget "ItemsBetweenCollectionView" */ = {
			isa = XCConfigurationList;
			buildConfigurations = (
				B449F2881F14B88700A234CC /* Debug */,
				B449F2891F14B88700A234CC /* Release */,
			);
			defaultConfigurationIsVisible = 0;
		};
/* End XCConfigurationList section */
	};
	rootObject = B449F26D1F14B88700A234CC /* Project object */;
}
